
Microsoft Visual Studio Solution File, Format Version 12.00
# Visual Studio Version 17
VisualStudioVersion = 17.5.33424.131
MinimumVisualStudioVersion = 10.0.40219.1
Project("{9A19103F-16F7-4668-BE54-9A1E7A4F7556}") = "MaoGai", "MaoGai.csproj", "{0ECB84AC-EC48-4B40-8A59-442083ED23F9}"
EndProject
Project("{54435603-DBB4-11D2-8724-00A0C9A8B90C}") = "MaoGaiSetup", "..\MaoGaiSetup\MaoGaiSetup.vdproj", "{C15CB526-B909-4844-A5AE-64A19246B5FA}"
EndProject
Global
	GlobalSection(SolutionConfigurationPlatforms) = preSolution
		Debug|Any CPU = Debug|Any CPU
		Release|Any CPU = Release|Any CPU
	EndGlobalSection
	GlobalSection(ProjectConfigurationPlatforms) = postSolution
		{0ECB84AC-EC48-4B40-8A59-442083ED23F9}.Debug|Any CPU.ActiveCfg = Debug|Any CPU
		{0ECB84AC-EC48-4B40-8A59-442083ED23F9}.Debug|Any CPU.Build.0 = Debug|Any CPU
		{0ECB84AC-EC48-4B40-8A59-442083ED23F9}.Release|Any CPU.ActiveCfg = Release|Any CPU
		{0ECB84AC-EC48-4B40-8A59-442083ED23F9}.Release|Any CPU.Build.0 = Release|Any CPU
		{C15CB526-B909-4844-A5AE-64A19246B5FA}.Debug|Any CPU.ActiveCfg = Debug
		{C15CB526-B909-4844-A5AE-64A19246B5FA}.Release|Any CPU.ActiveCfg = Release
	EndGlobalSection
	GlobalSection(SolutionProperties) = preSolution
		HideSolutionNode = FALSE
	EndGlobalSection
	GlobalSection(ExtensibilityGlobals) = postSolution
		SolutionGuid = {37BF9A04-3383-4E52-9299-D7375D32EC24}
	EndGlobalSection
EndGlobal
